// !$*UTF8*$!
{
	archiveVersion = 1;
	classes = {
	};
	objectVersion = 56;
	objects = {

/* Begin PBXBuildFile section */
		392C13082BEE3D9A00DBD790 /* AppDelegate.swift in Sources */ = {isa = PBXBuildFile; fileRef = 392C13072BEE3D9A00DBD790 /* AppDelegate.swift */; };
		392C130A2BEE3D9A00DBD790 /* SceneDelegate.swift in Sources */ = {isa = PBXBuildFile; fileRef = 392C13092BEE3D9A00DBD790 /* SceneDelegate.swift */; };
		392C130C2BEE3D9A00DBD790 /* ViewController.swift in Sources */ = {isa = PBXBuildFile; fileRef = 392C130B2BEE3D9A00DBD790 /* ViewController.swift */; };
		392C13112BEE3D9C00DBD790 /* Assets.xcassets in Resources */ = {isa = PBXBuildFile; fileRef = 392C13102BEE3D9C00DBD790 /* Assets.xcassets */; };
		392C13142BEE3D9C00DBD790 /* LaunchScreen.storyboard in Resources */ = {isa = PBXBuildFile; fileRef = 392C13122BEE3D9C00DBD790 /* LaunchScreen.storyboard */; };
		392C13202BEF8CC900DBD790 /* UIColor+Ext.swift in Sources */ = {isa = PBXBuildFile; fileRef = 392C131F2BEF8CC900DBD790 /* UIColor+Ext.swift */; };
		392C13222BEF8D3100DBD790 /* AppColors.swift in Sources */ = {isa = PBXBuildFile; fileRef = 392C13212BEF8D3100DBD790 /* AppColors.swift */; };
		392C13282BEFD31200DBD790 /* BaseCoordinator.swift in Sources */ = {isa = PBXBuildFile; fileRef = 392C13272BEFD31200DBD790 /* BaseCoordinator.swift */; };
		392C132A2BEFFD3600DBD790 /* AppCoordinator.swift in Sources */ = {isa = PBXBuildFile; fileRef = 392C13292BEFFD3600DBD790 /* AppCoordinator.swift */; };
		392C132C2BEFFEFD00DBD790 /* OnboardingCoordinator.swift in Sources */ = {isa = PBXBuildFile; fileRef = 392C132B2BEFFEFD00DBD790 /* OnboardingCoordinator.swift */; };
		392C132F2BF0D9D400DBD790 /* HomeCoordinator.swift in Sources */ = {isa = PBXBuildFile; fileRef = 392C132E2BF0D9D400DBD790 /* HomeCoordinator.swift */; };
		392C13312BF0DA1600DBD790 /* SearchCoordinator.swift in Sources */ = {isa = PBXBuildFile; fileRef = 392C13302BF0DA1600DBD790 /* SearchCoordinator.swift */; };
		392C13332BF0DA4500DBD790 /* OrdersCoordinator.swift in Sources */ = {isa = PBXBuildFile; fileRef = 392C13322BF0DA4500DBD790 /* OrdersCoordinator.swift */; };
		392C13352BF0DA6700DBD790 /* ProfileCoordinator.swift in Sources */ = {isa = PBXBuildFile; fileRef = 392C13342BF0DA6700DBD790 /* ProfileCoordinator.swift */; };
		392C13372BF0DB2700DBD790 /* TabBarController.swift in Sources */ = {isa = PBXBuildFile; fileRef = 392C13362BF0DB2700DBD790 /* TabBarController.swift */; };
		392C133A2BF0F68500DBD790 /* OnboardingPageViewController.swift in Sources */ = {isa = PBXBuildFile; fileRef = 392C13392BF0F68500DBD790 /* OnboardingPageViewController.swift */; };
		392C133C2BF0F6A700DBD790 /* OnboardingViewModel.swift in Sources */ = {isa = PBXBuildFile; fileRef = 392C133B2BF0F6A700DBD790 /* OnboardingViewModel.swift */; };
		39A96AF12BF37990009FDC96 /* ReusableOnboardingViewController.swift in Sources */ = {isa = PBXBuildFile; fileRef = 39A96AF02BF37990009FDC96 /* ReusableOnboardingViewController.swift */; };
		39CBD7182BF62D49000E04FA /* UILabel+Ext.swift in Sources */ = {isa = PBXBuildFile; fileRef = 39CBD7172BF62D49000E04FA /* UILabel+Ext.swift */; };
		39CBD71B2BF67B74000E04FA /* UserStorage.swift in Sources */ = {isa = PBXBuildFile; fileRef = 39CBD71A2BF67B74000E04FA /* UserStorage.swift */; };
		39CBD71E2BF79FD1000E04FA /* SceneFactory.swift in Sources */ = {isa = PBXBuildFile; fileRef = 39CBD71D2BF79FD1000E04FA /* SceneFactory.swift */; };
/* End PBXBuildFile section */

/* Begin PBXFileReference section */
		392C13042BEE3D9A00DBD790 /* FoodDeliveryApp.app */ = {isa = PBXFileReference; explicitFileType = wrapper.application; includeInIndex = 0; path = FoodDeliveryApp.app; sourceTree = BUILT_PRODUCTS_DIR; };
		392C13072BEE3D9A00DBD790 /* AppDelegate.swift */ = {isa = PBXFileReference; lastKnownFileType = sourcecode.swift; path = AppDelegate.swift; sourceTree = "<group>"; };
		392C13092BEE3D9A00DBD790 /* SceneDelegate.swift */ = {isa = PBXFileReference; lastKnownFileType = sourcecode.swift; path = SceneDelegate.swift; sourceTree = "<group>"; };
		392C130B2BEE3D9A00DBD790 /* ViewController.swift */ = {isa = PBXFileReference; lastKnownFileType = sourcecode.swift; path = ViewController.swift; sourceTree = "<group>"; };
		392C13102BEE3D9C00DBD790 /* Assets.xcassets */ = {isa = PBXFileReference; lastKnownFileType = folder.assetcatalog; path = Assets.xcassets; sourceTree = "<group>"; };
		392C13132BEE3D9C00DBD790 /* Base */ = {isa = PBXFileReference; lastKnownFileType = file.storyboard; name = Base; path = Base.lproj/LaunchScreen.storyboard; sourceTree = "<group>"; };
		392C13152BEE3D9C00DBD790 /* Info.plist */ = {isa = PBXFileReference; lastKnownFileType = text.plist.xml; path = Info.plist; sourceTree = "<group>"; };
		392C131F2BEF8CC900DBD790 /* UIColor+Ext.swift */ = {isa = PBXFileReference; lastKnownFileType = sourcecode.swift; path = "UIColor+Ext.swift"; sourceTree = "<group>"; };
		392C13212BEF8D3100DBD790 /* AppColors.swift */ = {isa = PBXFileReference; lastKnownFileType = sourcecode.swift; path = AppColors.swift; sourceTree = "<group>"; };
		392C13272BEFD31200DBD790 /* BaseCoordinator.swift */ = {isa = PBXFileReference; lastKnownFileType = sourcecode.swift; path = BaseCoordinator.swift; sourceTree = "<group>"; };
		392C13292BEFFD3600DBD790 /* AppCoordinator.swift */ = {isa = PBXFileReference; lastKnownFileType = sourcecode.swift; path = AppCoordinator.swift; sourceTree = "<group>"; };
		392C132B2BEFFEFD00DBD790 /* OnboardingCoordinator.swift */ = {isa = PBXFileReference; lastKnownFileType = sourcecode.swift; path = OnboardingCoordinator.swift; sourceTree = "<group>"; };
		392C132E2BF0D9D400DBD790 /* HomeCoordinator.swift */ = {isa = PBXFileReference; lastKnownFileType = sourcecode.swift; path = HomeCoordinator.swift; sourceTree = "<group>"; };
		392C13302BF0DA1600DBD790 /* SearchCoordinator.swift */ = {isa = PBXFileReference; lastKnownFileType = sourcecode.swift; path = SearchCoordinator.swift; sourceTree = "<group>"; };
		392C13322BF0DA4500DBD790 /* OrdersCoordinator.swift */ = {isa = PBXFileReference; lastKnownFileType = sourcecode.swift; path = OrdersCoordinator.swift; sourceTree = "<group>"; };
		392C13342BF0DA6700DBD790 /* ProfileCoordinator.swift */ = {isa = PBXFileReference; lastKnownFileType = sourcecode.swift; path = ProfileCoordinator.swift; sourceTree = "<group>"; };
		392C13362BF0DB2700DBD790 /* TabBarController.swift */ = {isa = PBXFileReference; lastKnownFileType = sourcecode.swift; path = TabBarController.swift; sourceTree = "<group>"; };
		392C13392BF0F68500DBD790 /* OnboardingPageViewController.swift */ = {isa = PBXFileReference; lastKnownFileType = sourcecode.swift; path = OnboardingPageViewController.swift; sourceTree = "<group>"; };
		392C133B2BF0F6A700DBD790 /* OnboardingViewModel.swift */ = {isa = PBXFileReference; lastKnownFileType = sourcecode.swift; path = OnboardingViewModel.swift; sourceTree = "<group>"; };
		39A96AF02BF37990009FDC96 /* ReusableOnboardingViewController.swift */ = {isa = PBXFileReference; lastKnownFileType = sourcecode.swift; path = ReusableOnboardingViewController.swift; sourceTree = "<group>"; };
		39CBD7172BF62D49000E04FA /* UILabel+Ext.swift */ = {isa = PBXFileReference; lastKnownFileType = sourcecode.swift; path = "UILabel+Ext.swift"; sourceTree = "<group>"; };
		39CBD71A2BF67B74000E04FA /* UserStorage.swift */ = {isa = PBXFileReference; lastKnownFileType = sourcecode.swift; path = UserStorage.swift; sourceTree = "<group>"; };
		39CBD71D2BF79FD1000E04FA /* SceneFactory.swift */ = {isa = PBXFileReference; lastKnownFileType = sourcecode.swift; path = SceneFactory.swift; sourceTree = "<group>"; };
/* End PBXFileReference section */

/* Begin PBXFrameworksBuildPhase section */
		392C13012BEE3D9A00DBD790 /* Frameworks */ = {
			isa = PBXFrameworksBuildPhase;
			buildActionMask = 2147483647;
			files = (
			);
			runOnlyForDeploymentPostprocessing = 0;
		};
/* End PBXFrameworksBuildPhase section */

/* Begin PBXGroup section */
		392C12FB2BEE3D9A00DBD790 = {
			isa = PBXGroup;
			children = (
				392C13062BEE3D9A00DBD790 /* FoodDeliveryApp */,
				392C13052BEE3D9A00DBD790 /* Products */,
			);
			sourceTree = "<group>";
		};
		392C13052BEE3D9A00DBD790 /* Products */ = {
			isa = PBXGroup;
			children = (
				392C13042BEE3D9A00DBD790 /* FoodDeliveryApp.app */,
			);
			name = Products;
			sourceTree = "<group>";
		};
		392C13062BEE3D9A00DBD790 /* FoodDeliveryApp */ = {
			isa = PBXGroup;
			children = (
				39CBD7192BF67B3B000E04FA /* ServicesLayer */,
				392C13242BEFD15100DBD790 /* UILayer */,
				392C13232BEFD14A00DBD790 /* NavigationLayer */,
				392C131D2BEF8BCB00DBD790 /* Resources */,
				392C131C2BEE412C00DBD790 /* Application */,
				392C130B2BEE3D9A00DBD790 /* ViewController.swift */,
				392C131B2BEE410F00DBD790 /* SupportingFiles */,
			);
			path = FoodDeliveryApp;
			sourceTree = "<group>";
		};
		392C131B2BEE410F00DBD790 /* SupportingFiles */ = {
			isa = PBXGroup;
			children = (
				392C13102BEE3D9C00DBD790 /* Assets.xcassets */,
				392C13122BEE3D9C00DBD790 /* LaunchScreen.storyboard */,
				392C13152BEE3D9C00DBD790 /* Info.plist */,
			);
			path = SupportingFiles;
			sourceTree = "<group>";
		};
		392C131C2BEE412C00DBD790 /* Application */ = {
			isa = PBXGroup;
			children = (
				392C13072BEE3D9A00DBD790 /* AppDelegate.swift */,
				392C13092BEE3D9A00DBD790 /* SceneDelegate.swift */,
			);
			path = Application;
			sourceTree = "<group>";
		};
		392C131D2BEF8BCB00DBD790 /* Resources */ = {
			isa = PBXGroup;
			children = (
				392C131E2BEF8BE300DBD790 /* Extensions */,
				392C13212BEF8D3100DBD790 /* AppColors.swift */,
			);
			path = Resources;
			sourceTree = "<group>";
		};
		392C131E2BEF8BE300DBD790 /* Extensions */ = {
			isa = PBXGroup;
			children = (
				392C131F2BEF8CC900DBD790 /* UIColor+Ext.swift */,
				39CBD7172BF62D49000E04FA /* UILabel+Ext.swift */,
			);
			path = Extensions;
			sourceTree = "<group>";
		};
		392C13232BEFD14A00DBD790 /* NavigationLayer */ = {
			isa = PBXGroup;
			children = (
				392C13262BEFD2D600DBD790 /* Coordinators */,
				392C13252BEFD2C500DBD790 /* Controllers */,
			);
			path = NavigationLayer;
			sourceTree = "<group>";
		};
		392C13242BEFD15100DBD790 /* UILayer */ = {
			isa = PBXGroup;
			children = (
				39CBD71C2BF79FAA000E04FA /* SceneFactory */,
				392C13382BF0F65C00DBD790 /* Onboarding */,
			);
			path = UILayer;
			sourceTree = "<group>";
		};
		392C13252BEFD2C500DBD790 /* Controllers */ = {
			isa = PBXGroup;
			children = (
				392C13362BF0DB2700DBD790 /* TabBarController.swift */,
			);
			path = Controllers;
			sourceTree = "<group>";
		};
		392C13262BEFD2D600DBD790 /* Coordinators */ = {
			isa = PBXGroup;
			children = (
				392C132D2BF0D98600DBD790 /* TabBarCoordinators */,
				392C13272BEFD31200DBD790 /* BaseCoordinator.swift */,
				392C13292BEFFD3600DBD790 /* AppCoordinator.swift */,
				392C132B2BEFFEFD00DBD790 /* OnboardingCoordinator.swift */,
			);
			path = Coordinators;
			sourceTree = "<group>";
		};
		392C132D2BF0D98600DBD790 /* TabBarCoordinators */ = {
			isa = PBXGroup;
			children = (
				392C132E2BF0D9D400DBD790 /* HomeCoordinator.swift */,
				392C13302BF0DA1600DBD790 /* SearchCoordinator.swift */,
				392C13322BF0DA4500DBD790 /* OrdersCoordinator.swift */,
				392C13342BF0DA6700DBD790 /* ProfileCoordinator.swift */,
			);
			path = TabBarCoordinators;
			sourceTree = "<group>";
		};
		392C13382BF0F65C00DBD790 /* Onboarding */ = {
			isa = PBXGroup;
			children = (
				392C13392BF0F68500DBD790 /* OnboardingPageViewController.swift */,
				39A96AF02BF37990009FDC96 /* ReusableOnboardingViewController.swift */,
				392C133B2BF0F6A700DBD790 /* OnboardingViewModel.swift */,
			);
			path = Onboarding;
			sourceTree = "<group>";
		};
		39CBD7192BF67B3B000E04FA /* ServicesLayer */ = {
			isa = PBXGroup;
			children = (
				39CBD71A2BF67B74000E04FA /* UserStorage.swift */,
			);
			path = ServicesLayer;
			sourceTree = "<group>";
		};
		39CBD71C2BF79FAA000E04FA /* SceneFactory */ = {
			isa = PBXGroup;
			children = (
				39CBD71D2BF79FD1000E04FA /* SceneFactory.swift */,
			);
			path = SceneFactory;
			sourceTree = "<group>";
		};
/* End PBXGroup section */

/* Begin PBXNativeTarget section */
		392C13032BEE3D9A00DBD790 /* FoodDeliveryApp */ = {
			isa = PBXNativeTarget;
			buildConfigurationList = 392C13182BEE3D9C00DBD790 /* Build configuration list for PBXNativeTarget "FoodDeliveryApp" */;
			buildPhases = (
				392C13002BEE3D9A00DBD790 /* Sources */,
				392C13012BEE3D9A00DBD790 /* Frameworks */,
				392C13022BEE3D9A00DBD790 /* Resources */,
			);
			buildRules = (
			);
			dependencies = (
			);
			name = FoodDeliveryApp;
			productName = FoodDeliveryApp;
			productReference = 392C13042BEE3D9A00DBD790 /* FoodDeliveryApp.app */;
			productType = "com.apple.product-type.application";
		};
/* End PBXNativeTarget section */

/* Begin PBXProject section */
		392C12FC2BEE3D9A00DBD790 /* Project object */ = {
			isa = PBXProject;
			attributes = {
				BuildIndependentTargetsInParallel = 1;
				LastSwiftUpdateCheck = 1510;
				LastUpgradeCheck = 1510;
				TargetAttributes = {
					392C13032BEE3D9A00DBD790 = {
						CreatedOnToolsVersion = 15.1;
					};
				};
			};
			buildConfigurationList = 392C12FF2BEE3D9A00DBD790 /* Build configuration list for PBXProject "FoodDeliveryApp" */;
			compatibilityVersion = "Xcode 14.0";
			developmentRegion = en;
			hasScannedForEncodings = 0;
			knownRegions = (
				en,
				Base,
			);
			mainGroup = 392C12FB2BEE3D9A00DBD790;
			productRefGroup = 392C13052BEE3D9A00DBD790 /* Products */;
			projectDirPath = "";
			projectRoot = "";
			targets = (
				392C13032BEE3D9A00DBD790 /* FoodDeliveryApp */,
			);
		};
/* End PBXProject section */

/* Begin PBXResourcesBuildPhase section */
		392C13022BEE3D9A00DBD790 /* Resources */ = {
			isa = PBXResourcesBuildPhase;
			buildActionMask = 2147483647;
			files = (
				392C13142BEE3D9C00DBD790 /* LaunchScreen.storyboard in Resources */,
				392C13112BEE3D9C00DBD790 /* Assets.xcassets in Resources */,
			);
			runOnlyForDeploymentPostprocessing = 0;
		};
/* End PBXResourcesBuildPhase section */

/* Begin PBXSourcesBuildPhase section */
		392C13002BEE3D9A00DBD790 /* Sources */ = {
			isa = PBXSourcesBuildPhase;
			buildActionMask = 2147483647;
			files = (
				392C130C2BEE3D9A00DBD790 /* ViewController.swift in Sources */,
				392C13372BF0DB2700DBD790 /* TabBarController.swift in Sources */,
				392C13202BEF8CC900DBD790 /* UIColor+Ext.swift in Sources */,
				392C13282BEFD31200DBD790 /* BaseCoordinator.swift in Sources */,
				392C13082BEE3D9A00DBD790 /* AppDelegate.swift in Sources */,
				392C13352BF0DA6700DBD790 /* ProfileCoordinator.swift in Sources */,
				39A96AF12BF37990009FDC96 /* ReusableOnboardingViewController.swift in Sources */,
				392C13332BF0DA4500DBD790 /* OrdersCoordinator.swift in Sources */,
				392C13222BEF8D3100DBD790 /* AppColors.swift in Sources */,
				392C132C2BEFFEFD00DBD790 /* OnboardingCoordinator.swift in Sources */,
				392C13312BF0DA1600DBD790 /* SearchCoordinator.swift in Sources */,
				392C133C2BF0F6A700DBD790 /* OnboardingViewModel.swift in Sources */,
				392C130A2BEE3D9A00DBD790 /* SceneDelegate.swift in Sources */,
				39CBD7182BF62D49000E04FA /* UILabel+Ext.swift in Sources */,
				39CBD71B2BF67B74000E04FA /* UserStorage.swift in Sources */,
				39CBD71E2BF79FD1000E04FA /* SceneFactory.swift in Sources */,
				392C133A2BF0F68500DBD790 /* OnboardingPageViewController.swift in Sources */,
				392C132A2BEFFD3600DBD790 /* AppCoordinator.swift in Sources */,
				392C132F2BF0D9D400DBD790 /* HomeCoordinator.swift in Sources */,
			);
			runOnlyForDeploymentPostprocessing = 0;
		};
/* End PBXSourcesBuildPhase section */

/* Begin PBXVariantGroup section */
		392C13122BEE3D9C00DBD790 /* LaunchScreen.storyboard */ = {
			isa = PBXVariantGroup;
			children = (
				392C13132BEE3D9C00DBD790 /* Base */,
			);
			name = LaunchScreen.storyboard;
			sourceTree = "<group>";
		};
/* End PBXVariantGroup section */

/* Begin XCBuildConfiguration section */
		392C13162BEE3D9C00DBD790 /* Debug */ = {
			isa = XCBuildConfiguration;
			buildSettings = {
				ALWAYS_SEARCH_USER_PATHS = NO;
				ASSETCATALOG_COMPILER_GENERATE_SWIFT_ASSET_SYMBOL_EXTENSIONS = YES;
				CLANG_ANALYZER_NONNULL = YES;
				CLANG_ANALYZER_NUMBER_OBJECT_CONVERSION = YES_AGGRESSIVE;
				CLANG_CXX_LANGUAGE_STANDARD = "gnu++20";
				CLANG_ENABLE_MODULES = YES;
				CLANG_ENABLE_OBJC_ARC = YES;
				CLANG_ENABLE_OBJC_WEAK = YES;
				CLANG_WARN_BLOCK_CAPTURE_AUTORELEASING = YES;
				CLANG_WARN_BOOL_CONVERSION = YES;
				CLANG_WARN_COMMA = YES;
				CLANG_WARN_CONSTANT_CONVERSION = YES;
				CLANG_WARN_DEPRECATED_OBJC_IMPLEMENTATIONS = YES;
				CLANG_WARN_DIRECT_OBJC_ISA_USAGE = YES_ERROR;
				CLANG_WARN_DOCUMENTATION_COMMENTS = YES;
				CLANG_WARN_EMPTY_BODY = YES;
				CLANG_WARN_ENUM_CONVERSION = YES;
				CLANG_WARN_INFINITE_RECURSION = YES;
				CLANG_WARN_INT_CONVERSION = YES;
				CLANG_WARN_NON_LITERAL_NULL_CONVERSION = YES;
				CLANG_WARN_OBJC_IMPLICIT_RETAIN_SELF = YES;
				CLANG_WARN_OBJC_LITERAL_CONVERSION = YES;
				CLANG_WARN_OBJC_ROOT_CLASS = YES_ERROR;
				CLANG_WARN_QUOTED_INCLUDE_IN_FRAMEWORK_HEADER = YES;
				CLANG_WARN_RANGE_LOOP_ANALYSIS = YES;
				CLANG_WARN_STRICT_PROTOTYPES = YES;
				CLANG_WARN_SUSPICIOUS_MOVE = YES;
				CLANG_WARN_UNGUARDED_AVAILABILITY = YES_AGGRESSIVE;
				CLANG_WARN_UNREACHABLE_CODE = YES;
				CLANG_WARN__DUPLICATE_METHOD_MATCH = YES;
				COPY_PHASE_STRIP = NO;
				DEBUG_INFORMATION_FORMAT = dwarf;
				ENABLE_STRICT_OBJC_MSGSEND = YES;
				ENABLE_TESTABILITY = YES;
				ENABLE_USER_SCRIPT_SANDBOXING = YES;
				GCC_C_LANGUAGE_STANDARD = gnu17;
				GCC_DYNAMIC_NO_PIC = NO;
				GCC_NO_COMMON_BLOCKS = YES;
				GCC_OPTIMIZATION_LEVEL = 0;
				GCC_PREPROCESSOR_DEFINITIONS = (
					"DEBUG=1",
					"$(inherited)",
				);
				GCC_WARN_64_TO_32_BIT_CONVERSION = YES;
				GCC_WARN_ABOUT_RETURN_TYPE = YES_ERROR;
				GCC_WARN_UNDECLARED_SELECTOR = YES;
				GCC_WARN_UNINITIALIZED_AUTOS = YES_AGGRESSIVE;
				GCC_WARN_UNUSED_FUNCTION = YES;
				GCC_WARN_UNUSED_VARIABLE = YES;
				IPHONEOS_DEPLOYMENT_TARGET = 17.2;
				LOCALIZATION_PREFERS_STRING_CATALOGS = YES;
				MTL_ENABLE_DEBUG_INFO = INCLUDE_SOURCE;
				MTL_FAST_MATH = YES;
				ONLY_ACTIVE_ARCH = YES;
				SDKROOT = iphoneos;
				SWIFT_ACTIVE_COMPILATION_CONDITIONS = "DEBUG $(inherited)";
				SWIFT_OPTIMIZATION_LEVEL = "-Onone";
			};
			name = Debug;
		};
		392C13172BEE3D9C00DBD790 /* Release */ = {
			isa = XCBuildConfiguration;
			buildSettings = {
				ALWAYS_SEARCH_USER_PATHS = NO;
				ASSETCATALOG_COMPILER_GENERATE_SWIFT_ASSET_SYMBOL_EXTENSIONS = YES;
				CLANG_ANALYZER_NONNULL = YES;
				CLANG_ANALYZER_NUMBER_OBJECT_CONVERSION = YES_AGGRESSIVE;
				CLANG_CXX_LANGUAGE_STANDARD = "gnu++20";
				CLANG_ENABLE_MODULES = YES;
				CLANG_ENABLE_OBJC_ARC = YES;
				CLANG_ENABLE_OBJC_WEAK = YES;
				CLANG_WARN_BLOCK_CAPTURE_AUTORELEASING = YES;
				CLANG_WARN_BOOL_CONVERSION = YES;
				CLANG_WARN_COMMA = YES;
				CLANG_WARN_CONSTANT_CONVERSION = YES;
				CLANG_WARN_DEPRECATED_OBJC_IMPLEMENTATIONS = YES;
				CLANG_WARN_DIRECT_OBJC_ISA_USAGE = YES_ERROR;
				CLANG_WARN_DOCUMENTATION_COMMENTS = YES;
				CLANG_WARN_EMPTY_BODY = YES;
				CLANG_WARN_ENUM_CONVERSION = YES;
				CLANG_WARN_INFINITE_RECURSION = YES;
				CLANG_WARN_INT_CONVERSION = YES;
				CLANG_WARN_NON_LITERAL_NULL_CONVERSION = YES;
				CLANG_WARN_OBJC_IMPLICIT_RETAIN_SELF = YES;
				CLANG_WARN_OBJC_LITERAL_CONVERSION = YES;
				CLANG_WARN_OBJC_ROOT_CLASS = YES_ERROR;
				CLANG_WARN_QUOTED_INCLUDE_IN_FRAMEWORK_HEADER = YES;
				CLANG_WARN_RANGE_LOOP_ANALYSIS = YES;
				CLANG_WARN_STRICT_PROTOTYPES = YES;
				CLANG_WARN_SUSPICIOUS_MOVE = YES;
				CLANG_WARN_UNGUARDED_AVAILABILITY = YES_AGGRESSIVE;
				CLANG_WARN_UNREACHABLE_CODE = YES;
				CLANG_WARN__DUPLICATE_METHOD_MATCH = YES;
				COPY_PHASE_STRIP = NO;
				DEBUG_INFORMATION_FORMAT = "dwarf-with-dsym";
				ENABLE_NS_ASSERTIONS = NO;
				ENABLE_STRICT_OBJC_MSGSEND = YES;
				ENABLE_USER_SCRIPT_SANDBOXING = YES;
				GCC_C_LANGUAGE_STANDARD = gnu17;
				GCC_NO_COMMON_BLOCKS = YES;
				GCC_WARN_64_TO_32_BIT_CONVERSION = YES;
				GCC_WARN_ABOUT_RETURN_TYPE = YES_ERROR;
				GCC_WARN_UNDECLARED_SELECTOR = YES;
				GCC_WARN_UNINITIALIZED_AUTOS = YES_AGGRESSIVE;
				GCC_WARN_UNUSED_FUNCTION = YES;
				GCC_WARN_UNUSED_VARIABLE = YES;
				IPHONEOS_DEPLOYMENT_TARGET = 17.2;
				LOCALIZATION_PREFERS_STRING_CATALOGS = YES;
				MTL_ENABLE_DEBUG_INFO = NO;
				MTL_FAST_MATH = YES;
				SDKROOT = iphoneos;
				SWIFT_COMPILATION_MODE = wholemodule;
				VALIDATE_PRODUCT = YES;
			};
			name = Release;
		};
		392C13192BEE3D9C00DBD790 /* Debug */ = {
			isa = XCBuildConfiguration;
			buildSettings = {
				ASSETCATALOG_COMPILER_APPICON_NAME = AppIcon;
				ASSETCATALOG_COMPILER_GLOBAL_ACCENT_COLOR_NAME = AccentColor;
				CODE_SIGN_STYLE = Automatic;
				CURRENT_PROJECT_VERSION = 1;
				DEVELOPMENT_TEAM = G425Q9JQKZ;
				GENERATE_INFOPLIST_FILE = YES;
				INFOPLIST_FILE = FoodDeliveryApp/SupportingFiles/Info.plist;
				INFOPLIST_KEY_UIApplicationSupportsIndirectInputEvents = YES;
				INFOPLIST_KEY_UILaunchStoryboardName = LaunchScreen;
				INFOPLIST_KEY_UISupportedInterfaceOrientations_iPad = "UIInterfaceOrientationPortrait UIInterfaceOrientationPortraitUpsideDown UIInterfaceOrientationLandscapeLeft UIInterfaceOrientationLandscapeRight";
				INFOPLIST_KEY_UISupportedInterfaceOrientations_iPhone = "UIInterfaceOrientationPortrait UIInterfaceOrientationLandscapeLeft UIInterfaceOrientationLandscapeRight";
				LD_RUNPATH_SEARCH_PATHS = (
					"$(inherited)",
					"@executable_path/Frameworks",
				);
				MARKETING_VERSION = 1.0;
				PRODUCT_BUNDLE_IDENTIFIER = nabi.FoodDeliveryApp;
				PRODUCT_NAME = "$(TARGET_NAME)";
				SWIFT_EMIT_LOC_STRINGS = YES;
				SWIFT_VERSION = 5.0;
				TARGETED_DEVICE_FAMILY = "1,2";
			};
			name = Debug;
		};
		392C131A2BEE3D9C00DBD790 /* Release */ = {
			isa = XCBuildConfiguration;
			buildSettings = {
				ASSETCATALOG_COMPILER_APPICON_NAME = AppIcon;
				ASSETCATALOG_COMPILER_GLOBAL_ACCENT_COLOR_NAME = AccentColor;
				CODE_SIGN_STYLE = Automatic;
				CURRENT_PROJECT_VERSION = 1;
				DEVELOPMENT_TEAM = G425Q9JQKZ;
				GENERATE_INFOPLIST_FILE = YES;
				INFOPLIST_FILE = FoodDeliveryApp/SupportingFiles/Info.plist;
				INFOPLIST_KEY_UIApplicationSupportsIndirectInputEvents = YES;
				INFOPLIST_KEY_UILaunchStoryboardName = LaunchScreen;
				INFOPLIST_KEY_UISupportedInterfaceOrientations_iPad = "UIInterfaceOrientationPortrait UIInterfaceOrientationPortraitUpsideDown UIInterfaceOrientationLandscapeLeft UIInterfaceOrientationLandscapeRight";
				INFOPLIST_KEY_UISupportedInterfaceOrientations_iPhone = "UIInterfaceOrientationPortrait UIInterfaceOrientationLandscapeLeft UIInterfaceOrientationLandscapeRight";
				LD_RUNPATH_SEARCH_PATHS = (
					"$(inherited)",
					"@executable_path/Frameworks",
				);
				MARKETING_VERSION = 1.0;
				PRODUCT_BUNDLE_IDENTIFIER = nabi.FoodDeliveryApp;
				PRODUCT_NAME = "$(TARGET_NAME)";
				SWIFT_EMIT_LOC_STRINGS = YES;
				SWIFT_VERSION = 5.0;
				TARGETED_DEVICE_FAMILY = "1,2";
			};
			name = Release;
		};
/* End XCBuildConfiguration section */

/* Begin XCConfigurationList section */
		392C12FF2BEE3D9A00DBD790 /* Build configuration list for PBXProject "FoodDeliveryApp" */ = {
			isa = XCConfigurationList;
			buildConfigurations = (
				392C13162BEE3D9C00DBD790 /* Debug */,
				392C13172BEE3D9C00DBD790 /* Release */,
			);
			defaultConfigurationIsVisible = 0;
			defaultConfigurationName = Release;
		};
		392C13182BEE3D9C00DBD790 /* Build configuration list for PBXNativeTarget "FoodDeliveryApp" */ = {
			isa = XCConfigurationList;
			buildConfigurations = (
				392C13192BEE3D9C00DBD790 /* Debug */,
				392C131A2BEE3D9C00DBD790 /* Release */,
			);
			defaultConfigurationIsVisible = 0;
			defaultConfigurationName = Release;
		};
/* End XCConfigurationList section */
	};
	rootObject = 392C12FC2BEE3D9A00DBD790 /* Project object */;
}
